// !$*UTF8*$!
{
	archiveVersion = 1;
	classes = {
	};
	objectVersion = 50;
	objects = {

/* Begin PBXBuildFile section */
		58BBFDE12146035E0087B6DA /* AppDelegate.swift in Sources */ = {isa = PBXBuildFile; fileRef = 58BBFDE02146035E0087B6DA /* AppDelegate.swift */; };
		58BBFDE32146035E0087B6DA /* ViewController.swift in Sources */ = {isa = PBXBuildFile; fileRef = 58BBFDE22146035E0087B6DA /* ViewController.swift */; };
		58BBFDE62146035E0087B6DA /* Main.storyboard in Resources */ = {isa = PBXBuildFile; fileRef = 58BBFDE42146035E0087B6DA /* Main.storyboard */; };
		58BBFDE8214603610087B6DA /* Assets.xcassets in Resources */ = {isa = PBXBuildFile; fileRef = 58BBFDE7214603610087B6DA /* Assets.xcassets */; };
		58BBFDEB214603610087B6DA /* LaunchScreen.storyboard in Resources */ = {isa = PBXBuildFile; fileRef = 58BBFDE9214603610087B6DA /* LaunchScreen.storyboard */; };
		58BBFDF6214603610087B6DA /* Arithmetic_LeetcodeUITests.swift in Sources */ = {isa = PBXBuildFile; fileRef = 58BBFDF5214603610087B6DA /* Arithmetic_LeetcodeUITests.swift */; };
		58BBFE01214654110087B6DA /* TopicCell.swift in Sources */ = {isa = PBXBuildFile; fileRef = 58BBFE00214654110087B6DA /* TopicCell.swift */; };
		58BBFE04214664610087B6DA /* TestViewController.swift in Sources */ = {isa = PBXBuildFile; fileRef = 58BBFE03214664610087B6DA /* TestViewController.swift */; };
/* End PBXBuildFile section */

/* Begin PBXContainerItemProxy section */
		58BBFDF2214603610087B6DA /* PBXContainerItemProxy */ = {
			isa = PBXContainerItemProxy;
			containerPortal = 58BBFDD52146035E0087B6DA /* Project object */;
			proxyType = 1;
			remoteGlobalIDString = 58BBFDDC2146035E0087B6DA;
			remoteInfo = Arithmetic_Leetcode;
		};
/* End PBXContainerItemProxy section */

/* Begin PBXFileReference section */
		58BBFDDD2146035E0087B6DA /* Arithmetic_Leetcode.app */ = {isa = PBXFileReference; explicitFileType = wrapper.application; includeInIndex = 0; path = Arithmetic_Leetcode.app; sourceTree = BUILT_PRODUCTS_DIR; };
		58BBFDE02146035E0087B6DA /* AppDelegate.swift */ = {isa = PBXFileReference; lastKnownFileType = sourcecode.swift; path = AppDelegate.swift; sourceTree = "<group>"; };
		58BBFDE22146035E0087B6DA /* ViewController.swift */ = {isa = PBXFileReference; lastKnownFileType = sourcecode.swift; path = ViewController.swift; sourceTree = "<group>"; };
		58BBFDE52146035E0087B6DA /* Base */ = {isa = PBXFileReference; lastKnownFileType = file.storyboard; name = Base; path = Base.lproj/Main.storyboard; sourceTree = "<group>"; };
		58BBFDE7214603610087B6DA /* Assets.xcassets */ = {isa = PBXFileReference; lastKnownFileType = folder.assetcatalog; path = Assets.xcassets; sourceTree = "<group>"; };
		58BBFDEA214603610087B6DA /* Base */ = {isa = PBXFileReference; lastKnownFileType = file.storyboard; name = Base; path = Base.lproj/LaunchScreen.storyboard; sourceTree = "<group>"; };
		58BBFDEC214603610087B6DA /* Info.plist */ = {isa = PBXFileReference; lastKnownFileType = text.plist.xml; path = Info.plist; sourceTree = "<group>"; };
		58BBFDF1214603610087B6DA /* Arithmetic_LeetcodeUITests.xctest */ = {isa = PBXFileReference; explicitFileType = wrapper.cfbundle; includeInIndex = 0; path = Arithmetic_LeetcodeUITests.xctest; sourceTree = BUILT_PRODUCTS_DIR; };
		58BBFDF5214603610087B6DA /* Arithmetic_LeetcodeUITests.swift */ = {isa = PBXFileReference; lastKnownFileType = sourcecode.swift; path = Arithmetic_LeetcodeUITests.swift; sourceTree = "<group>"; };
		58BBFDF7214603610087B6DA /* Info.plist */ = {isa = PBXFileReference; lastKnownFileType = text.plist.xml; path = Info.plist; sourceTree = "<group>"; };
		58BBFE00214654110087B6DA /* TopicCell.swift */ = {isa = PBXFileReference; lastKnownFileType = sourcecode.swift; path = TopicCell.swift; sourceTree = "<group>"; };
		58BBFE03214664610087B6DA /* TestViewController.swift */ = {isa = PBXFileReference; lastKnownFileType = sourcecode.swift; path = TestViewController.swift; sourceTree = "<group>"; };
/* End PBXFileReference section */

/* Begin PBXFrameworksBuildPhase section */
		58BBFDDA2146035E0087B6DA /* Frameworks */ = {
			isa = PBXFrameworksBuildPhase;
			buildActionMask = 2147483647;
			files = (
			);
			runOnlyForDeploymentPostprocessing = 0;
		};
		58BBFDEE214603610087B6DA /* Frameworks */ = {
			isa = PBXFrameworksBuildPhase;
			buildActionMask = 2147483647;
			files = (
			);
			runOnlyForDeploymentPostprocessing = 0;
		};
/* End PBXFrameworksBuildPhase section */

/* Begin PBXGroup section */
		58BBFDD42146035E0087B6DA = {
			isa = PBXGroup;
			children = (
				58BBFDDF2146035E0087B6DA /* Arithmetic_Leetcode */,
				58BBFDF4214603610087B6DA /* Arithmetic_LeetcodeUITests */,
				58BBFDDE2146035E0087B6DA /* Products */,
			);
			sourceTree = "<group>";
		};
		58BBFDDE2146035E0087B6DA /* Products */ = {
			isa = PBXGroup;
			children = (
				58BBFDDD2146035E0087B6DA /* Arithmetic_Leetcode.app */,
				58BBFDF1214603610087B6DA /* Arithmetic_LeetcodeUITests.xctest */,
			);
			name = Products;
			sourceTree = "<group>";
		};
		58BBFDDF2146035E0087B6DA /* Arithmetic_Leetcode */ = {
			isa = PBXGroup;
			children = (
				58BBFE02214664300087B6DA /* SubController */,
				58BBFDE02146035E0087B6DA /* AppDelegate.swift */,
				58BBFDE22146035E0087B6DA /* ViewController.swift */,
				58BBFDE42146035E0087B6DA /* Main.storyboard */,
				58BBFDE7214603610087B6DA /* Assets.xcassets */,
				58BBFDE9214603610087B6DA /* LaunchScreen.storyboard */,
				58BBFDEC214603610087B6DA /* Info.plist */,
				58BBFE00214654110087B6DA /* TopicCell.swift */,
			);
			path = Arithmetic_Leetcode;
			sourceTree = "<group>";
		};
		58BBFDF4214603610087B6DA /* Arithmetic_LeetcodeUITests */ = {
			isa = PBXGroup;
			children = (
				58BBFDF5214603610087B6DA /* Arithmetic_LeetcodeUITests.swift */,
				58BBFDF7214603610087B6DA /* Info.plist */,
			);
			path = Arithmetic_LeetcodeUITests;
			sourceTree = "<group>";
		};
		58BBFE02214664300087B6DA /* SubController */ = {
			isa = PBXGroup;
			children = (
				58BBFE03214664610087B6DA /* TestViewController.swift */,
			);
			path = SubController;
			sourceTree = "<group>";
		};
/* End PBXGroup section */

/* Begin PBXNativeTarget section */
		58BBFDDC2146035E0087B6DA /* Arithmetic_Leetcode */ = {
			isa = PBXNativeTarget;
			buildConfigurationList = 58BBFDFA214603610087B6DA /* Build configuration list for PBXNativeTarget "Arithmetic_Leetcode" */;
			buildPhases = (
				58BBFDD92146035E0087B6DA /* Sources */,
				58BBFDDA2146035E0087B6DA /* Frameworks */,
				58BBFDDB2146035E0087B6DA /* Resources */,
			);
			buildRules = (
			);
			dependencies = (
			);
			name = Arithmetic_Leetcode;
			productName = Arithmetic_Leetcode;
			productReference = 58BBFDDD2146035E0087B6DA /* Arithmetic_Leetcode.app */;
			productType = "com.apple.product-type.application";
		};
		58BBFDF0214603610087B6DA /* Arithmetic_LeetcodeUITests */ = {
			isa = PBXNativeTarget;
			buildConfigurationList = 58BBFDFD214603610087B6DA /* Build configuration list for PBXNativeTarget "Arithmetic_LeetcodeUITests" */;
			buildPhases = (
				58BBFDED214603610087B6DA /* Sources */,
				58BBFDEE214603610087B6DA /* Frameworks */,
				58BBFDEF214603610087B6DA /* Resources */,
			);
			buildRules = (
			);
			dependencies = (
				58BBFDF3214603610087B6DA /* PBXTargetDependency */,
			);
			name = Arithmetic_LeetcodeUITests;
			productName = Arithmetic_LeetcodeUITests;
			productReference = 58BBFDF1214603610087B6DA /* Arithmetic_LeetcodeUITests.xctest */;
			productType = "com.apple.product-type.bundle.ui-testing";
		};
/* End PBXNativeTarget section */

/* Begin PBXProject section */
		58BBFDD52146035E0087B6DA /* Project object */ = {
			isa = PBXProject;
			attributes = {
				LastSwiftUpdateCheck = 0940;
				LastUpgradeCheck = 0940;
				ORGANIZATIONNAME = Mr.H;
				TargetAttributes = {
					58BBFDDC2146035E0087B6DA = {
						CreatedOnToolsVersion = 9.4.1;
					};
					58BBFDF0214603610087B6DA = {
						CreatedOnToolsVersion = 9.4.1;
						TestTargetID = 58BBFDDC2146035E0087B6DA;
					};
				};
			};
			buildConfigurationList = 58BBFDD82146035E0087B6DA /* Build configuration list for PBXProject "Arithmetic_Leetcode" */;
			compatibilityVersion = "Xcode 9.3";
			developmentRegion = en;
			hasScannedForEncodings = 0;
			knownRegions = (
				en,
				Base,
			);
			mainGroup = 58BBFDD42146035E0087B6DA;
			productRefGroup = 58BBFDDE2146035E0087B6DA /* Products */;
			projectDirPath = "";
			projectRoot = "";
			targets = (
				58BBFDDC2146035E0087B6DA /* Arithmetic_Leetcode */,
				58BBFDF0214603610087B6DA /* Arithmetic_LeetcodeUITests */,
			);
		};
/* End PBXProject section */

/* Begin PBXResourcesBuildPhase section */
		58BBFDDB2146035E0087B6DA /* Resources */ = {
			isa = PBXResourcesBuildPhase;
			buildActionMask = 2147483647;
			files = (
				58BBFDEB214603610087B6DA /* LaunchScreen.storyboard in Resources */,
				58BBFDE8214603610087B6DA /* Assets.xcassets in Resources */,
				58BBFDE62146035E0087B6DA /* Main.storyboard in Resources */,
			);
			runOnlyForDeploymentPostprocessing = 0;
		};
		58BBFDEF214603610087B6DA /* Resources */ = {
			isa = PBXResourcesBuildPhase;
			buildActionMask = 2147483647;
			files = (
			);
			runOnlyForDeploymentPostprocessing = 0;
		};
/* End PBXResourcesBuildPhase section */

/* Begin PBXSourcesBuildPhase section */
		58BBFDD92146035E0087B6DA /* Sources */ = {
			isa = PBXSourcesBuildPhase;
			buildActionMask = 2147483647;
			files = (
				58BBFDE32146035E0087B6DA /* ViewController.swift in Sources */,
				58BBFE01214654110087B6DA /* TopicCell.swift in Sources */,
				58BBFE04214664610087B6DA /* TestViewController.swift in Sources */,
				58BBFDE12146035E0087B6DA /* AppDelegate.swift in Sources */,
			);
			runOnlyForDeploymentPostprocessing = 0;
		};
		58BBFDED214603610087B6DA /* Sources */ = {
			isa = PBXSourcesBuildPhase;
			buildActionMask = 2147483647;
			files = (
				58BBFDF6214603610087B6DA /* Arithmetic_LeetcodeUITests.swift in Sources */,
			);
			runOnlyForDeploymentPostprocessing = 0;
		};
/* End PBXSourcesBuildPhase section */

/* Begin PBXTargetDependency section */
		58BBFDF3214603610087B6DA /* PBXTargetDependency */ = {
			isa = PBXTargetDependency;
			target = 58BBFDDC2146035E0087B6DA /* Arithmetic_Leetcode */;
			targetProxy = 58BBFDF2214603610087B6DA /* PBXContainerItemProxy */;
		};
/* End PBXTargetDependency section */

/* Begin PBXVariantGroup section */
		58BBFDE42146035E0087B6DA /* Main.storyboard */ = {
			isa = PBXVariantGroup;
			children = (
				58BBFDE52146035E0087B6DA /* Base */,
			);
			name = Main.storyboard;
			sourceTree = "<group>";
		};
		58BBFDE9214603610087B6DA /* LaunchScreen.storyboard */ = {
			isa = PBXVariantGroup;
			children = (
				58BBFDEA214603610087B6DA /* Base */,
			);
			name = LaunchScreen.storyboard;
			sourceTree = "<group>";
		};
/* End PBXVariantGroup section */

/* Begin XCBuildConfiguration section */
		58BBFDF8214603610087B6DA /* Debug */ = {
			isa = XCBuildConfiguration;
			buildSettings = {
				ALWAYS_SEARCH_USER_PATHS = NO;
				CLANG_ANALYZER_NONNULL = YES;
				CLANG_ANALYZER_NUMBER_OBJECT_CONVERSION = YES_AGGRESSIVE;
				CLANG_CXX_LANGUAGE_STANDARD = "gnu++14";
				CLANG_CXX_LIBRARY = "libc++";
				CLANG_ENABLE_MODULES = YES;
				CLANG_ENABLE_OBJC_ARC = YES;
				CLANG_ENABLE_OBJC_WEAK = YES;
				CLANG_WARN_BLOCK_CAPTURE_AUTORELEASING = YES;
				CLANG_WARN_BOOL_CONVERSION = YES;
				CLANG_WARN_COMMA = YES;
				CLANG_WARN_CONSTANT_CONVERSION = YES;
				CLANG_WARN_DEPRECATED_OBJC_IMPLEMENTATIONS = YES;
				CLANG_WARN_DIRECT_OBJC_ISA_USAGE = YES_ERROR;
				CLANG_WARN_DOCUMENTATION_COMMENTS = YES;
				CLANG_WARN_EMPTY_BODY = YES;
				CLANG_WARN_ENUM_CONVERSION = YES;
				CLANG_WARN_INFINITE_RECURSION = YES;
				CLANG_WARN_INT_CONVERSION = YES;
				CLANG_WARN_NON_LITERAL_NULL_CONVERSION = YES;
				CLANG_WARN_OBJC_IMPLICIT_RETAIN_SELF = YES;
				CLANG_WARN_OBJC_LITERAL_CONVERSION = YES;
				CLANG_WARN_OBJC_ROOT_CLASS = YES_ERROR;
				CLANG_WARN_RANGE_LOOP_ANALYSIS = YES;
				CLANG_WARN_STRICT_PROTOTYPES = YES;
				CLANG_WARN_SUSPICIOUS_MOVE = YES;
				CLANG_WARN_UNGUARDED_AVAILABILITY = YES_AGGRESSIVE;
				CLANG_WARN_UNREACHABLE_CODE = YES;
				CLANG_WARN__DUPLICATE_METHOD_MATCH = YES;
				CODE_SIGN_IDENTITY = "iPhone Developer";
				COPY_PHASE_STRIP = NO;
				DEBUG_INFORMATION_FORMAT = dwarf;
				ENABLE_STRICT_OBJC_MSGSEND = YES;
				ENABLE_TESTABILITY = YES;
				GCC_C_LANGUAGE_STANDARD = gnu11;
				GCC_DYNAMIC_NO_PIC = NO;
				GCC_NO_COMMON_BLOCKS = YES;
				GCC_OPTIMIZATION_LEVEL = 0;
				GCC_PREPROCESSOR_DEFINITIONS = (
					"DEBUG=1",
					"$(inherited)",
				);
				GCC_WARN_64_TO_32_BIT_CONVERSION = YES;
				GCC_WARN_ABOUT_RETURN_TYPE = YES_ERROR;
				GCC_WARN_UNDECLARED_SELECTOR = YES;
				GCC_WARN_UNINITIALIZED_AUTOS = YES_AGGRESSIVE;
				GCC_WARN_UNUSED_FUNCTION = YES;
				GCC_WARN_UNUSED_VARIABLE = YES;
				IPHONEOS_DEPLOYMENT_TARGET = 11.4;
				MTL_ENABLE_DEBUG_INFO = YES;
				ONLY_ACTIVE_ARCH = YES;
				SDKROOT = iphoneos;
				SWIFT_ACTIVE_COMPILATION_CONDITIONS = DEBUG;
				SWIFT_OPTIMIZATION_LEVEL = "-Onone";
			};
			name = Debug;
		};
		58BBFDF9214603610087B6DA /* Release */ = {
			isa = XCBuildConfiguration;
			buildSettings = {
				ALWAYS_SEARCH_USER_PATHS = NO;
				CLANG_ANALYZER_NONNULL = YES;
				CLANG_ANALYZER_NUMBER_OBJECT_CONVERSION = YES_AGGRESSIVE;
				CLANG_CXX_LANGUAGE_STANDARD = "gnu++14";
				CLANG_CXX_LIBRARY = "libc++";
				CLANG_ENABLE_MODULES = YES;
				CLANG_ENABLE_OBJC_ARC = YES;
				CLANG_ENABLE_OBJC_WEAK = YES;
				CLANG_WARN_BLOCK_CAPTURE_AUTORELEASING = YES;
				CLANG_WARN_BOOL_CONVERSION = YES;
				CLANG_WARN_COMMA = YES;
				CLANG_WARN_CONSTANT_CONVERSION = YES;
				CLANG_WARN_DEPRECATED_OBJC_IMPLEMENTATIONS = YES;
				CLANG_WARN_DIRECT_OBJC_ISA_USAGE = YES_ERROR;
				CLANG_WARN_DOCUMENTATION_COMMENTS = YES;
				CLANG_WARN_EMPTY_BODY = YES;
				CLANG_WARN_ENUM_CONVERSION = YES;
				CLANG_WARN_INFINITE_RECURSION = YES;
				CLANG_WARN_INT_CONVERSION = YES;
				CLANG_WARN_NON_LITERAL_NULL_CONVERSION = YES;
				CLANG_WARN_OBJC_IMPLICIT_RETAIN_SELF = YES;
				CLANG_WARN_OBJC_LITERAL_CONVERSION = YES;
				CLANG_WARN_OBJC_ROOT_CLASS = YES_ERROR;
				CLANG_WARN_RANGE_LOOP_ANALYSIS = YES;
				CLANG_WARN_STRICT_PROTOTYPES = YES;
				CLANG_WARN_SUSPICIOUS_MOVE = YES;
				CLANG_WARN_UNGUARDED_AVAILABILITY = YES_AGGRESSIVE;
				CLANG_WARN_UNREACHABLE_CODE = YES;
				CLANG_WARN__DUPLICATE_METHOD_MATCH = YES;
				CODE_SIGN_IDENTITY = "iPhone Developer";
				COPY_PHASE_STRIP = NO;
				DEBUG_INFORMATION_FORMAT = "dwarf-with-dsym";
				ENABLE_NS_ASSERTIONS = NO;
				ENABLE_STRICT_OBJC_MSGSEND = YES;
				GCC_C_LANGUAGE_STANDARD = gnu11;
				GCC_NO_COMMON_BLOCKS = YES;
				GCC_WARN_64_TO_32_BIT_CONVERSION = YES;
				GCC_WARN_ABOUT_RETURN_TYPE = YES_ERROR;
				GCC_WARN_UNDECLARED_SELECTOR = YES;
				GCC_WARN_UNINITIALIZED_AUTOS = YES_AGGRESSIVE;
				GCC_WARN_UNUSED_FUNCTION = YES;
				GCC_WARN_UNUSED_VARIABLE = YES;
				IPHONEOS_DEPLOYMENT_TARGET = 11.4;
				MTL_ENABLE_DEBUG_INFO = NO;
				SDKROOT = iphoneos;
				SWIFT_COMPILATION_MODE = wholemodule;
				SWIFT_OPTIMIZATION_LEVEL = "-O";
				VALIDATE_PRODUCT = YES;
			};
			name = Release;
		};
		58BBFDFB214603610087B6DA /* Debug */ = {
			isa = XCBuildConfiguration;
			buildSettings = {
				ASSETCATALOG_COMPILER_APPICON_NAME = AppIcon;
				CODE_SIGN_STYLE = Automatic;
				INFOPLIST_FILE = Arithmetic_Leetcode/Info.plist;
				IPHONEOS_DEPLOYMENT_TARGET = 9.0;
				LD_RUNPATH_SEARCH_PATHS = (
					"$(inherited)",
					"@executable_path/Frameworks",
				);
				PRODUCT_BUNDLE_IDENTIFIER = "Hanser.Arithmetic-Leetcode";
				PRODUCT_NAME = "$(TARGET_NAME)";
				SWIFT_VERSION = 4.0;
				TARGETED_DEVICE_FAMILY = "1,2";
			};
			name = Debug;
		};
		58BBFDFC214603610087B6DA /* Release */ = {
			isa = XCBuildConfiguration;
			buildSettings = {
				ASSETCATALOG_COMPILER_APPICON_NAME = AppIcon;
				CODE_SIGN_STYLE = Automatic;
				INFOPLIST_FILE = Arithmetic_Leetcode/Info.plist;
				IPHONEOS_DEPLOYMENT_TARGET = 9.0;
				LD_RUNPATH_SEARCH_PATHS = (
					"$(inherited)",
					"@executable_path/Frameworks",
				);
				PRODUCT_BUNDLE_IDENTIFIER = "Hanser.Arithmetic-Leetcode";
				PRODUCT_NAME = "$(TARGET_NAME)";
				SWIFT_VERSION = 4.0;
				TARGETED_DEVICE_FAMILY = "1,2";
			};
			name = Release;
		};
		58BBFDFE214603610087B6DA /* Debug */ = {
			isa = XCBuildConfiguration;
			buildSettings = {
				ALWAYS_EMBED_SWIFT_STANDARD_LIBRARIES = YES;
				CODE_SIGN_STYLE = Automatic;
				INFOPLIST_FILE = Arithmetic_LeetcodeUITests/Info.plist;
				LD_RUNPATH_SEARCH_PATHS = (
					"$(inherited)",
					"@executable_path/Frameworks",
					"@loader_path/Frameworks",
				);
				PRODUCT_BUNDLE_IDENTIFIER = "Hanser.Arithmetic-LeetcodeUITests";
				PRODUCT_NAME = "$(TARGET_NAME)";
				SWIFT_VERSION = 4.0;
				TARGETED_DEVICE_FAMILY = "1,2";
				TEST_TARGET_NAME = Arithmetic_Leetcode;
			};
			name = Debug;
		};
		58BBFDFF214603610087B6DA /* Release */ = {
			isa = XCBuildConfiguration;
			buildSettings = {
				ALWAYS_EMBED_SWIFT_STANDARD_LIBRARIES = YES;
				CODE_SIGN_STYLE = Automatic;
				INFOPLIST_FILE = Arithmetic_LeetcodeUITests/Info.plist;
				LD_RUNPATH_SEARCH_PATHS = (
					"$(inherited)",
					"@executable_path/Frameworks",
					"@loader_path/Frameworks",
				);
				PRODUCT_BUNDLE_IDENTIFIER = "Hanser.Arithmetic-LeetcodeUITests";
				PRODUCT_NAME = "$(TARGET_NAME)";
				SWIFT_VERSION = 4.0;
				TARGETED_DEVICE_FAMILY = "1,2";
				TEST_TARGET_NAME = Arithmetic_Leetcode;
			};
			name = Release;
		};
/* End XCBuildConfiguration section */

/* Begin XCConfigurationList section */
		58BBFDD82146035E0087B6DA /* Build configuration list for PBXProject "Arithmetic_Leetcode" */ = {
			isa = XCConfigurationList;
			buildConfigurations = (
				58BBFDF8214603610087B6DA /* Debug */,
				58BBFDF9214603610087B6DA /* Release */,
			);
			defaultConfigurationIsVisible = 0;
			defaultConfigurationName = Release;
		};
		58BBFDFA214603610087B6DA /* Build configuration list for PBXNativeTarget "Arithmetic_Leetcode" */ = {
			isa = XCConfigurationList;
			buildConfigurations = (
				58BBFDFB214603610087B6DA /* Debug */,
				58BBFDFC214603610087B6DA /* Release */,
			);
			defaultConfigurationIsVisible = 0;
			defaultConfigurationName = Release;
		};
		58BBFDFD214603610087B6DA /* Build configuration list for PBXNativeTarget "Arithmetic_LeetcodeUITests" */ = {
			isa = XCConfigurationList;
			buildConfigurations = (
				58BBFDFE214603610087B6DA /* Debug */,
				58BBFDFF214603610087B6DA /* Release */,
			);
			defaultConfigurationIsVisible = 0;
			defaultConfigurationName = Release;
		};
/* End XCConfigurationList section */
	};
	rootObject = 58BBFDD52146035E0087B6DA /* Project object */;
}
